
Microsoft Visual Studio Solution File, Format Version 12.00
# Visual Studio Version 16
VisualStudioVersion = 16.0.29709.97
MinimumVisualStudioVersion = 10.0.40219.1
Project("{FAE04EC0-301F-11D3-BF4B-00C04F79EFBC}") = "Ringo.Windows", "Ringo\Ringo.Windows.csproj", "{64BEEE59-83C3-4461-94CC-14768502A53F}"
EndProject
Project("{FAE04EC0-301F-11D3-BF4B-00C04F79EFBC}") = "Ringo.Core", "RingoCore\Ringo.Core.csproj", "{8BD458B4-7581-466D-A59E-F6A92F8C215E}"
EndProject
Global
	GlobalSection(SolutionConfigurationPlatforms) = preSolution
		Debug|Any CPU = Debug|Any CPU
		Release|Any CPU = Release|Any CPU
	EndGlobalSection
	GlobalSection(ProjectConfigurationPlatforms) = postSolution
		{64BEEE59-83C3-4461-94CC-14768502A53F}.Debug|Any CPU.ActiveCfg = Debug|Any CPU
		{64BEEE59-83C3-4461-94CC-14768502A53F}.Debug|Any CPU.Build.0 = Debug|Any CPU
		{64BEEE59-83C3-4461-94CC-14768502A53F}.Release|Any CPU.ActiveCfg = Release|Any CPU
		{64BEEE59-83C3-4461-94CC-14768502A53F}.Release|Any CPU.Build.0 = Release|Any CPU
		{8BD458B4-7581-466D-A59E-F6A92F8C215E}.Debug|Any CPU.ActiveCfg = Debug|Any CPU
		{8BD458B4-7581-466D-A59E-F6A92F8C215E}.Debug|Any CPU.Build.0 = Debug|Any CPU
		{8BD458B4-7581-466D-A59E-F6A92F8C215E}.Release|Any CPU.ActiveCfg = Release|Any CPU
		{8BD458B4-7581-466D-A59E-F6A92F8C215E}.Release|Any CPU.Build.0 = Release|Any CPU
	EndGlobalSection
	GlobalSection(SolutionProperties) = preSolution
		HideSolutionNode = FALSE
	EndGlobalSection
	GlobalSection(ExtensibilityGlobals) = postSolution
		SolutionGuid = {4D3189E6-BE8C-42FB-BDF2-EDCD7E635A1F}
	EndGlobalSection
EndGlobal
