
Microsoft Visual Studio Solution File, Format Version 12.00
# Visual Studio Version 16
VisualStudioVersion = 16.0.29709.97
MinimumVisualStudioVersion = 10.0.40219.1
Project("{9A19103F-16F7-4668-BE54-9A1E7A4F7556}") = "Ringo.Core", "Ringo.Core\Ringo.Core.csproj", "{8BD458B4-7581-466D-A59E-F6A92F8C215E}"
EndProject
Project("{9A19103F-16F7-4668-BE54-9A1E7A4F7556}") = "Ringo.Xamarin", "Ringo.Xamarin\Ringo.Xamarin\Ringo.Xamarin.csproj", "{88975070-E229-43D5-AB98-7C4451AE9CCF}"
EndProject
Project("{9344BDBB-3E7F-41FC-A0DD-8665D75EE146}") = "Ringo.Windows", "Ringo.Windows\Ringo.Windows.csproj", "{2D2B73C4-811E-44F3-A095-949407639F5E}"
EndProject
Project("{FAE04EC0-301F-11D3-BF4B-00C04F79EFBC}") = "Ringo.Xamarin.GTK", "Ringo.Xamarin.GTK\Ringo.Xamarin.GTK.csproj", "{A80FE0FC-0834-4CB7-89D8-E175CA849C3C}"
EndProject
Global
	GlobalSection(SolutionConfigurationPlatforms) = preSolution
		Debug|Any CPU = Debug|Any CPU
		Debug|iPhone = Debug|iPhone
		Debug|iPhoneSimulator = Debug|iPhoneSimulator
		Debug|x64 = Debug|x64
		Debug|x86 = Debug|x86
		Release|Any CPU = Release|Any CPU
		Release|iPhone = Release|iPhone
		Release|iPhoneSimulator = Release|iPhoneSimulator
		Release|x64 = Release|x64
		Release|x86 = Release|x86
	EndGlobalSection
	GlobalSection(ProjectConfigurationPlatforms) = postSolution
		{8BD458B4-7581-466D-A59E-F6A92F8C215E}.Debug|Any CPU.ActiveCfg = Debug|Any CPU
		{8BD458B4-7581-466D-A59E-F6A92F8C215E}.Debug|iPhone.ActiveCfg = Debug|Any CPU
		{8BD458B4-7581-466D-A59E-F6A92F8C215E}.Debug|iPhone.Build.0 = Debug|Any CPU
		{8BD458B4-7581-466D-A59E-F6A92F8C215E}.Debug|iPhoneSimulator.ActiveCfg = Debug|Any CPU
		{8BD458B4-7581-466D-A59E-F6A92F8C215E}.Debug|iPhoneSimulator.Build.0 = Debug|Any CPU
		{8BD458B4-7581-466D-A59E-F6A92F8C215E}.Debug|x64.ActiveCfg = Debug|Any CPU
		{8BD458B4-7581-466D-A59E-F6A92F8C215E}.Debug|x64.Build.0 = Debug|Any CPU
		{8BD458B4-7581-466D-A59E-F6A92F8C215E}.Debug|x86.ActiveCfg = Debug|Any CPU
		{8BD458B4-7581-466D-A59E-F6A92F8C215E}.Debug|x86.Build.0 = Debug|Any CPU
		{8BD458B4-7581-466D-A59E-F6A92F8C215E}.Release|Any CPU.ActiveCfg = Release|Any CPU
		{8BD458B4-7581-466D-A59E-F6A92F8C215E}.Release|Any CPU.Build.0 = Release|Any CPU
		{8BD458B4-7581-466D-A59E-F6A92F8C215E}.Release|iPhone.ActiveCfg = Release|Any CPU
		{8BD458B4-7581-466D-A59E-F6A92F8C215E}.Release|iPhone.Build.0 = Release|Any CPU
		{8BD458B4-7581-466D-A59E-F6A92F8C215E}.Release|iPhoneSimulator.ActiveCfg = Release|Any CPU
		{8BD458B4-7581-466D-A59E-F6A92F8C215E}.Release|iPhoneSimulator.Build.0 = Release|Any CPU
		{8BD458B4-7581-466D-A59E-F6A92F8C215E}.Release|x64.ActiveCfg = Release|Any CPU
		{8BD458B4-7581-466D-A59E-F6A92F8C215E}.Release|x64.Build.0 = Release|Any CPU
		{8BD458B4-7581-466D-A59E-F6A92F8C215E}.Release|x86.ActiveCfg = Release|Any CPU
		{8BD458B4-7581-466D-A59E-F6A92F8C215E}.Release|x86.Build.0 = Release|Any CPU
		{88975070-E229-43D5-AB98-7C4451AE9CCF}.Debug|Any CPU.ActiveCfg = Debug|Any CPU
		{88975070-E229-43D5-AB98-7C4451AE9CCF}.Debug|Any CPU.Build.0 = Debug|Any CPU
		{88975070-E229-43D5-AB98-7C4451AE9CCF}.Debug|iPhone.ActiveCfg = Debug|Any CPU
		{88975070-E229-43D5-AB98-7C4451AE9CCF}.Debug|iPhone.Build.0 = Debug|Any CPU
		{88975070-E229-43D5-AB98-7C4451AE9CCF}.Debug|iPhoneSimulator.ActiveCfg = Debug|Any CPU
		{88975070-E229-43D5-AB98-7C4451AE9CCF}.Debug|iPhoneSimulator.Build.0 = Debug|Any CPU
		{88975070-E229-43D5-AB98-7C4451AE9CCF}.Debug|x64.ActiveCfg = Debug|Any CPU
		{88975070-E229-43D5-AB98-7C4451AE9CCF}.Debug|x64.Build.0 = Debug|Any CPU
		{88975070-E229-43D5-AB98-7C4451AE9CCF}.Debug|x86.ActiveCfg = Debug|Any CPU
		{88975070-E229-43D5-AB98-7C4451AE9CCF}.Debug|x86.Build.0 = Debug|Any CPU
		{88975070-E229-43D5-AB98-7C4451AE9CCF}.Release|Any CPU.ActiveCfg = Release|Any CPU
		{88975070-E229-43D5-AB98-7C4451AE9CCF}.Release|Any CPU.Build.0 = Release|Any CPU
		{88975070-E229-43D5-AB98-7C4451AE9CCF}.Release|iPhone.ActiveCfg = Release|Any CPU
		{88975070-E229-43D5-AB98-7C4451AE9CCF}.Release|iPhone.Build.0 = Release|Any CPU
		{88975070-E229-43D5-AB98-7C4451AE9CCF}.Release|iPhoneSimulator.ActiveCfg = Release|Any CPU
		{88975070-E229-43D5-AB98-7C4451AE9CCF}.Release|iPhoneSimulator.Build.0 = Release|Any CPU
		{88975070-E229-43D5-AB98-7C4451AE9CCF}.Release|x64.ActiveCfg = Release|Any CPU
		{88975070-E229-43D5-AB98-7C4451AE9CCF}.Release|x64.Build.0 = Release|Any CPU
		{88975070-E229-43D5-AB98-7C4451AE9CCF}.Release|x86.ActiveCfg = Release|Any CPU
		{88975070-E229-43D5-AB98-7C4451AE9CCF}.Release|x86.Build.0 = Release|Any CPU
		{2D2B73C4-811E-44F3-A095-949407639F5E}.Debug|Any CPU.ActiveCfg = Debug|Any CPU
		{2D2B73C4-811E-44F3-A095-949407639F5E}.Debug|iPhone.ActiveCfg = Debug|Any CPU
		{2D2B73C4-811E-44F3-A095-949407639F5E}.Debug|iPhone.Build.0 = Debug|Any CPU
		{2D2B73C4-811E-44F3-A095-949407639F5E}.Debug|iPhoneSimulator.ActiveCfg = Debug|Any CPU
		{2D2B73C4-811E-44F3-A095-949407639F5E}.Debug|iPhoneSimulator.Build.0 = Debug|Any CPU
		{2D2B73C4-811E-44F3-A095-949407639F5E}.Debug|x64.ActiveCfg = Debug|Any CPU
		{2D2B73C4-811E-44F3-A095-949407639F5E}.Debug|x64.Build.0 = Debug|Any CPU
		{2D2B73C4-811E-44F3-A095-949407639F5E}.Debug|x86.ActiveCfg = Debug|Any CPU
		{2D2B73C4-811E-44F3-A095-949407639F5E}.Debug|x86.Build.0 = Debug|Any CPU
		{2D2B73C4-811E-44F3-A095-949407639F5E}.Release|Any CPU.ActiveCfg = Release|Any CPU
		{2D2B73C4-811E-44F3-A095-949407639F5E}.Release|Any CPU.Build.0 = Release|Any CPU
		{2D2B73C4-811E-44F3-A095-949407639F5E}.Release|iPhone.ActiveCfg = Release|Any CPU
		{2D2B73C4-811E-44F3-A095-949407639F5E}.Release|iPhone.Build.0 = Release|Any CPU
		{2D2B73C4-811E-44F3-A095-949407639F5E}.Release|iPhoneSimulator.ActiveCfg = Release|Any CPU
		{2D2B73C4-811E-44F3-A095-949407639F5E}.Release|iPhoneSimulator.Build.0 = Release|Any CPU
		{2D2B73C4-811E-44F3-A095-949407639F5E}.Release|x64.ActiveCfg = Release|Any CPU
		{2D2B73C4-811E-44F3-A095-949407639F5E}.Release|x64.Build.0 = Release|Any CPU
		{2D2B73C4-811E-44F3-A095-949407639F5E}.Release|x86.ActiveCfg = Release|Any CPU
		{2D2B73C4-811E-44F3-A095-949407639F5E}.Release|x86.Build.0 = Release|Any CPU
		{A80FE0FC-0834-4CB7-89D8-E175CA849C3C}.Debug|Any CPU.ActiveCfg = Debug|Any CPU
		{A80FE0FC-0834-4CB7-89D8-E175CA849C3C}.Debug|Any CPU.Build.0 = Debug|Any CPU
		{A80FE0FC-0834-4CB7-89D8-E175CA849C3C}.Debug|iPhone.ActiveCfg = Debug|Any CPU
		{A80FE0FC-0834-4CB7-89D8-E175CA849C3C}.Debug|iPhone.Build.0 = Debug|Any CPU
		{A80FE0FC-0834-4CB7-89D8-E175CA849C3C}.Debug|iPhoneSimulator.ActiveCfg = Debug|Any CPU
		{A80FE0FC-0834-4CB7-89D8-E175CA849C3C}.Debug|iPhoneSimulator.Build.0 = Debug|Any CPU
		{A80FE0FC-0834-4CB7-89D8-E175CA849C3C}.Debug|x64.ActiveCfg = Debug|Any CPU
		{A80FE0FC-0834-4CB7-89D8-E175CA849C3C}.Debug|x64.Build.0 = Debug|Any CPU
		{A80FE0FC-0834-4CB7-89D8-E175CA849C3C}.Debug|x86.ActiveCfg = Debug|Any CPU
		{A80FE0FC-0834-4CB7-89D8-E175CA849C3C}.Debug|x86.Build.0 = Debug|Any CPU
		{A80FE0FC-0834-4CB7-89D8-E175CA849C3C}.Release|Any CPU.ActiveCfg = Release|Any CPU
		{A80FE0FC-0834-4CB7-89D8-E175CA849C3C}.Release|Any CPU.Build.0 = Release|Any CPU
		{A80FE0FC-0834-4CB7-89D8-E175CA849C3C}.Release|iPhone.ActiveCfg = Release|Any CPU
		{A80FE0FC-0834-4CB7-89D8-E175CA849C3C}.Release|iPhone.Build.0 = Release|Any CPU
		{A80FE0FC-0834-4CB7-89D8-E175CA849C3C}.Release|iPhoneSimulator.ActiveCfg = Release|Any CPU
		{A80FE0FC-0834-4CB7-89D8-E175CA849C3C}.Release|iPhoneSimulator.Build.0 = Release|Any CPU
		{A80FE0FC-0834-4CB7-89D8-E175CA849C3C}.Release|x64.ActiveCfg = Release|Any CPU
		{A80FE0FC-0834-4CB7-89D8-E175CA849C3C}.Release|x64.Build.0 = Release|Any CPU
		{A80FE0FC-0834-4CB7-89D8-E175CA849C3C}.Release|x86.ActiveCfg = Release|Any CPU
		{A80FE0FC-0834-4CB7-89D8-E175CA849C3C}.Release|x86.Build.0 = Release|Any CPU
	EndGlobalSection
	GlobalSection(SolutionProperties) = preSolution
		HideSolutionNode = FALSE
	EndGlobalSection
	GlobalSection(ExtensibilityGlobals) = postSolution
		SolutionGuid = {4D3189E6-BE8C-42FB-BDF2-EDCD7E635A1F}
	EndGlobalSection
EndGlobal
