
Microsoft Visual Studio Solution File, Format Version 12.00
# Visual Studio Version 16
VisualStudioVersion = 16.0.29709.97
MinimumVisualStudioVersion = 10.0.40219.1
Project("{FAE04EC0-301F-11D3-BF4B-00C04F79EFBC}") = "Ringo", "Ringo\Ringo.csproj", "{5B2AED3B-5FB6-427E-90E0-D3F206925415}"
EndProject
Global
	GlobalSection(SolutionConfigurationPlatforms) = preSolution
		Debug|Any CPU = Debug|Any CPU
		Release|Any CPU = Release|Any CPU
	EndGlobalSection
	GlobalSection(ProjectConfigurationPlatforms) = postSolution
		{5B2AED3B-5FB6-427E-90E0-D3F206925415}.Debug|Any CPU.ActiveCfg = Debug|Any CPU
		{5B2AED3B-5FB6-427E-90E0-D3F206925415}.Debug|Any CPU.Build.0 = Debug|Any CPU
		{5B2AED3B-5FB6-427E-90E0-D3F206925415}.Release|Any CPU.ActiveCfg = Release|Any CPU
		{5B2AED3B-5FB6-427E-90E0-D3F206925415}.Release|Any CPU.Build.0 = Release|Any CPU
	EndGlobalSection
	GlobalSection(SolutionProperties) = preSolution
		HideSolutionNode = FALSE
	EndGlobalSection
	GlobalSection(ExtensibilityGlobals) = postSolution
		SolutionGuid = {4D3189E6-BE8C-42FB-BDF2-EDCD7E635A1F}
	EndGlobalSection
EndGlobal
